
Microsoft Visual Studio Solution File, Format Version 12.00
# Visual Studio Version 17
VisualStudioVersion = 17.4.33103.184
MinimumVisualStudioVersion = 10.0.40219.1
Project("{FAE04EC0-301F-11D3-BF4B-00C04F79EFBC}") = "BugTracker.Api", "BugTracker.Api\BugTracker.Api.csproj", "{8C695FE6-7A95-4959-9549-95C896122EDC}"
EndProject
Project("{FAE04EC0-301F-11D3-BF4B-00C04F79EFBC}") = "BugTracker.Data", "BugTracker.Data\BugTracker.Data.csproj", "{D0239A89-500D-46FA-97CA-10703B28AC5F}"
EndProject
Project("{FAE04EC0-301F-11D3-BF4B-00C04F79EFBC}") = "BugTracker.Common", "BugTracker.Common\BugTracker.Common.csproj", "{42AD6B4F-350B-436C-986D-972F9B292065}"
EndProject
Project("{FAE04EC0-301F-11D3-BF4B-00C04F79EFBC}") = "BugTracker.Services", "BugTracker.Services\BugTracker.Services.csproj", "{870DB80D-FD15-4733-87EF-4B0523CD49CF}"
EndProject
Global
	GlobalSection(SolutionConfigurationPlatforms) = preSolution
		Debug|Any CPU = Debug|Any CPU
		Release|Any CPU = Release|Any CPU
	EndGlobalSection
	GlobalSection(ProjectConfigurationPlatforms) = postSolution
		{8C695FE6-7A95-4959-9549-95C896122EDC}.Debug|Any CPU.ActiveCfg = Debug|Any CPU
		{8C695FE6-7A95-4959-9549-95C896122EDC}.Debug|Any CPU.Build.0 = Debug|Any CPU
		{8C695FE6-7A95-4959-9549-95C896122EDC}.Release|Any CPU.ActiveCfg = Release|Any CPU
		{8C695FE6-7A95-4959-9549-95C896122EDC}.Release|Any CPU.Build.0 = Release|Any CPU
		{D0239A89-500D-46FA-97CA-10703B28AC5F}.Debug|Any CPU.ActiveCfg = Debug|Any CPU
		{D0239A89-500D-46FA-97CA-10703B28AC5F}.Debug|Any CPU.Build.0 = Debug|Any CPU
		{D0239A89-500D-46FA-97CA-10703B28AC5F}.Release|Any CPU.ActiveCfg = Release|Any CPU
		{D0239A89-500D-46FA-97CA-10703B28AC5F}.Release|Any CPU.Build.0 = Release|Any CPU
		{42AD6B4F-350B-436C-986D-972F9B292065}.Debug|Any CPU.ActiveCfg = Debug|Any CPU
		{42AD6B4F-350B-436C-986D-972F9B292065}.Debug|Any CPU.Build.0 = Debug|Any CPU
		{42AD6B4F-350B-436C-986D-972F9B292065}.Release|Any CPU.ActiveCfg = Release|Any CPU
		{42AD6B4F-350B-436C-986D-972F9B292065}.Release|Any CPU.Build.0 = Release|Any CPU
		{870DB80D-FD15-4733-87EF-4B0523CD49CF}.Debug|Any CPU.ActiveCfg = Debug|Any CPU
		{870DB80D-FD15-4733-87EF-4B0523CD49CF}.Debug|Any CPU.Build.0 = Debug|Any CPU
		{870DB80D-FD15-4733-87EF-4B0523CD49CF}.Release|Any CPU.ActiveCfg = Release|Any CPU
		{870DB80D-FD15-4733-87EF-4B0523CD49CF}.Release|Any CPU.Build.0 = Release|Any CPU
	EndGlobalSection
	GlobalSection(SolutionProperties) = preSolution
		HideSolutionNode = FALSE
	EndGlobalSection
	GlobalSection(ExtensibilityGlobals) = postSolution
		SolutionGuid = {DF87F5C4-DC4F-4461-A616-C5DA63C4D552}
	EndGlobalSection
EndGlobal
